// !$*UTF8*$!
{
	archiveVersion = 1;
	classes = {
	};
	objectVersion = 50;
	objects = {

/* Begin PBXBuildFile section */
		D62DF4D1237D28CB00474E15 /* DKTestView.m in Sources */ = {isa = PBXBuildFile; fileRef = D62DF4D0237D28CB00474E15 /* DKTestView.m */; };
		D631D4BB237EA0400027B675 /* brightness1.fsh in Resources */ = {isa = PBXBuildFile; fileRef = D631D4BA237EA0400027B675 /* brightness1.fsh */; };
		D631D4BD237EA04E0027B675 /* saturation1.fsh in Resources */ = {isa = PBXBuildFile; fileRef = D631D4BC237EA04E0027B675 /* saturation1.fsh */; };
		D6A122E2237BF477008F8361 /* AppDelegate.m in Sources */ = {isa = PBXBuildFile; fileRef = D6A122E1237BF477008F8361 /* AppDelegate.m */; };
		D6A122E5237BF477008F8361 /* ViewController.m in Sources */ = {isa = PBXBuildFile; fileRef = D6A122E4237BF477008F8361 /* ViewController.m */; };
		D6A122E8237BF477008F8361 /* Main.storyboard in Resources */ = {isa = PBXBuildFile; fileRef = D6A122E6237BF477008F8361 /* Main.storyboard */; };
		D6A122EA237BF478008F8361 /* Assets.xcassets in Resources */ = {isa = PBXBuildFile; fileRef = D6A122E9237BF478008F8361 /* Assets.xcassets */; };
		D6A122ED237BF478008F8361 /* LaunchScreen.storyboard in Resources */ = {isa = PBXBuildFile; fileRef = D6A122EB237BF478008F8361 /* LaunchScreen.storyboard */; };
		D6A122F0237BF478008F8361 /* main.m in Sources */ = {isa = PBXBuildFile; fileRef = D6A122EF237BF478008F8361 /* main.m */; };
		D6A122F7237BF4A6008F8361 /* config.plist in Resources */ = {isa = PBXBuildFile; fileRef = D6A122F6237BF4A6008F8361 /* config.plist */; };
		D6A1231B237BF7A2008F8361 /* DKTestViewController.m in Sources */ = {isa = PBXBuildFile; fileRef = D6A1231A237BF7A2008F8361 /* DKTestViewController.m */; };
		D6A12322237BF9B9008F8361 /* DKShaderComplier.m in Sources */ = {isa = PBXBuildFile; fileRef = D6A12321237BF9B9008F8361 /* DKShaderComplier.m */; };
		D6A12324237C29AF008F8361 /* vertex.vsh in Resources */ = {isa = PBXBuildFile; fileRef = D6A12323237C29AF008F8361 /* vertex.vsh */; };
		D6A12326237C29BB008F8361 /* fragment.fsh in Resources */ = {isa = PBXBuildFile; fileRef = D6A12325237C29BB008F8361 /* fragment.fsh */; };
		D6A12329237C2C52008F8361 /* wuyanzu.jpg in Resources */ = {isa = PBXBuildFile; fileRef = D6A12327237C2C52008F8361 /* wuyanzu.jpg */; };
		D6A1232A237C2C52008F8361 /* smalldaniel.jpg in Resources */ = {isa = PBXBuildFile; fileRef = D6A12328237C2C52008F8361 /* smalldaniel.jpg */; };
/* End PBXBuildFile section */

/* Begin PBXFileReference section */
		D62DF4CF237D28CB00474E15 /* DKTestView.h */ = {isa = PBXFileReference; lastKnownFileType = sourcecode.c.h; path = DKTestView.h; sourceTree = "<group>"; };
		D62DF4D0237D28CB00474E15 /* DKTestView.m */ = {isa = PBXFileReference; lastKnownFileType = sourcecode.c.objc; path = DKTestView.m; sourceTree = "<group>"; };
		D631D4AC237E90940027B675 /* saturation.fsh */ = {isa = PBXFileReference; lastKnownFileType = sourcecode.glsl; path = saturation.fsh; sourceTree = "<group>"; };
		D631D4AD237E90A90027B675 /* brightness.fsh */ = {isa = PBXFileReference; lastKnownFileType = sourcecode.glsl; path = brightness.fsh; sourceTree = "<group>"; };
		D631D4BA237EA0400027B675 /* brightness1.fsh */ = {isa = PBXFileReference; lastKnownFileType = sourcecode.glsl; path = brightness1.fsh; sourceTree = "<group>"; };
		D631D4BC237EA04E0027B675 /* saturation1.fsh */ = {isa = PBXFileReference; lastKnownFileType = sourcecode.glsl; path = saturation1.fsh; sourceTree = "<group>"; };
		D6A122DD237BF477008F8361 /* DKOpenGLTest.app */ = {isa = PBXFileReference; explicitFileType = wrapper.application; includeInIndex = 0; path = DKOpenGLTest.app; sourceTree = BUILT_PRODUCTS_DIR; };
		D6A122E0237BF477008F8361 /* AppDelegate.h */ = {isa = PBXFileReference; lastKnownFileType = sourcecode.c.h; path = AppDelegate.h; sourceTree = "<group>"; };
		D6A122E1237BF477008F8361 /* AppDelegate.m */ = {isa = PBXFileReference; lastKnownFileType = sourcecode.c.objc; path = AppDelegate.m; sourceTree = "<group>"; };
		D6A122E3237BF477008F8361 /* ViewController.h */ = {isa = PBXFileReference; lastKnownFileType = sourcecode.c.h; path = ViewController.h; sourceTree = "<group>"; };
		D6A122E4237BF477008F8361 /* ViewController.m */ = {isa = PBXFileReference; lastKnownFileType = sourcecode.c.objc; path = ViewController.m; sourceTree = "<group>"; };
		D6A122E7237BF477008F8361 /* Base */ = {isa = PBXFileReference; lastKnownFileType = file.storyboard; name = Base; path = Base.lproj/Main.storyboard; sourceTree = "<group>"; };
		D6A122E9237BF478008F8361 /* Assets.xcassets */ = {isa = PBXFileReference; lastKnownFileType = folder.assetcatalog; path = Assets.xcassets; sourceTree = "<group>"; };
		D6A122EC237BF478008F8361 /* Base */ = {isa = PBXFileReference; lastKnownFileType = file.storyboard; name = Base; path = Base.lproj/LaunchScreen.storyboard; sourceTree = "<group>"; };
		D6A122EE237BF478008F8361 /* Info.plist */ = {isa = PBXFileReference; lastKnownFileType = text.plist.xml; path = Info.plist; sourceTree = "<group>"; };
		D6A122EF237BF478008F8361 /* main.m */ = {isa = PBXFileReference; lastKnownFileType = sourcecode.c.objc; path = main.m; sourceTree = "<group>"; };
		D6A122F6237BF4A6008F8361 /* config.plist */ = {isa = PBXFileReference; fileEncoding = 4; lastKnownFileType = text.plist.xml; path = config.plist; sourceTree = "<group>"; };
		D6A12319237BF7A2008F8361 /* DKTestViewController.h */ = {isa = PBXFileReference; lastKnownFileType = sourcecode.c.h; path = DKTestViewController.h; sourceTree = "<group>"; };
		D6A1231A237BF7A2008F8361 /* DKTestViewController.m */ = {isa = PBXFileReference; lastKnownFileType = sourcecode.c.objc; path = DKTestViewController.m; sourceTree = "<group>"; };
		D6A12320237BF9B9008F8361 /* DKShaderComplier.h */ = {isa = PBXFileReference; lastKnownFileType = sourcecode.c.h; path = DKShaderComplier.h; sourceTree = "<group>"; };
		D6A12321237BF9B9008F8361 /* DKShaderComplier.m */ = {isa = PBXFileReference; lastKnownFileType = sourcecode.c.objc; path = DKShaderComplier.m; sourceTree = "<group>"; };
		D6A12323237C29AF008F8361 /* vertex.vsh */ = {isa = PBXFileReference; lastKnownFileType = sourcecode.glsl; path = vertex.vsh; sourceTree = "<group>"; };
		D6A12325237C29BB008F8361 /* fragment.fsh */ = {isa = PBXFileReference; lastKnownFileType = sourcecode.glsl; path = fragment.fsh; sourceTree = "<group>"; };
		D6A12327237C2C52008F8361 /* wuyanzu.jpg */ = {isa = PBXFileReference; lastKnownFileType = image.jpeg; path = wuyanzu.jpg; sourceTree = "<group>"; };
		D6A12328237C2C52008F8361 /* smalldaniel.jpg */ = {isa = PBXFileReference; lastKnownFileType = image.jpeg; path = smalldaniel.jpg; sourceTree = "<group>"; };
/* End PBXFileReference section */

/* Begin PBXFrameworksBuildPhase section */
		D6A122DA237BF477008F8361 /* Frameworks */ = {
			isa = PBXFrameworksBuildPhase;
			buildActionMask = 2147483647;
			files = (
			);
			runOnlyForDeploymentPostprocessing = 0;
		};
/* End PBXFrameworksBuildPhase section */

/* Begin PBXGroup section */
		D6A122D4237BF476008F8361 = {
			isa = PBXGroup;
			children = (
				D6A122DF237BF477008F8361 /* DKOpenGLTest */,
				D6A122DE237BF477008F8361 /* Products */,
			);
			sourceTree = "<group>";
		};
		D6A122DE237BF477008F8361 /* Products */ = {
			isa = PBXGroup;
			children = (
				D6A122DD237BF477008F8361 /* DKOpenGLTest.app */,
			);
			name = Products;
			sourceTree = "<group>";
		};
		D6A122DF237BF477008F8361 /* DKOpenGLTest */ = {
			isa = PBXGroup;
			children = (
				D6A12328237C2C52008F8361 /* smalldaniel.jpg */,
				D6A12327237C2C52008F8361 /* wuyanzu.jpg */,
				D6A1231F237BF99A008F8361 /* Util */,
				D6A12318237BF79A008F8361 /* test */,
				D6A122E0237BF477008F8361 /* AppDelegate.h */,
				D6A122E1237BF477008F8361 /* AppDelegate.m */,
				D6A122E3237BF477008F8361 /* ViewController.h */,
				D6A122E4237BF477008F8361 /* ViewController.m */,
				D6A122F6237BF4A6008F8361 /* config.plist */,
				D6A122E6237BF477008F8361 /* Main.storyboard */,
				D6A122E9237BF478008F8361 /* Assets.xcassets */,
				D6A122EB237BF478008F8361 /* LaunchScreen.storyboard */,
				D6A122EE237BF478008F8361 /* Info.plist */,
				D6A122EF237BF478008F8361 /* main.m */,
			);
			path = DKOpenGLTest;
			sourceTree = "<group>";
		};
		D6A12318237BF79A008F8361 /* test */ = {
			isa = PBXGroup;
			children = (
				D6A12319237BF7A2008F8361 /* DKTestViewController.h */,
				D6A1231A237BF7A2008F8361 /* DKTestViewController.m */,
				D62DF4CF237D28CB00474E15 /* DKTestView.h */,
				D62DF4D0237D28CB00474E15 /* DKTestView.m */,
			);
			path = test;
			sourceTree = "<group>";
		};
		D6A1231F237BF99A008F8361 /* Util */ = {
			isa = PBXGroup;
			children = (
				D6A12320237BF9B9008F8361 /* DKShaderComplier.h */,
				D6A12321237BF9B9008F8361 /* DKShaderComplier.m */,
				D6A12323237C29AF008F8361 /* vertex.vsh */,
				D6A12325237C29BB008F8361 /* fragment.fsh */,
				D631D4BA237EA0400027B675 /* brightness1.fsh */,
				D631D4BC237EA04E0027B675 /* saturation1.fsh */,
				D631D4AC237E90940027B675 /* saturation.fsh */,
				D631D4AD237E90A90027B675 /* brightness.fsh */,
			);
			path = Util;
			sourceTree = "<group>";
		};
/* End PBXGroup section */

/* Begin PBXNativeTarget section */
		D6A122DC237BF477008F8361 /* DKOpenGLTest */ = {
			isa = PBXNativeTarget;
			buildConfigurationList = D6A122F3237BF478008F8361 /* Build configuration list for PBXNativeTarget "DKOpenGLTest" */;
			buildPhases = (
				D6A122D9237BF477008F8361 /* Sources */,
				D6A122DA237BF477008F8361 /* Frameworks */,
				D6A122DB237BF477008F8361 /* Resources */,
			);
			buildRules = (
			);
			dependencies = (
			);
			name = DKOpenGLTest;
			productName = DKOpenGLTest;
			productReference = D6A122DD237BF477008F8361 /* DKOpenGLTest.app */;
			productType = "com.apple.product-type.application";
		};
/* End PBXNativeTarget section */

/* Begin PBXProject section */
		D6A122D5237BF476008F8361 /* Project object */ = {
			isa = PBXProject;
			attributes = {
				LastUpgradeCheck = 1010;
				ORGANIZATIONNAME = dingkan;
				TargetAttributes = {
					D6A122DC237BF477008F8361 = {
						CreatedOnToolsVersion = 10.1;
					};
				};
			};
			buildConfigurationList = D6A122D8237BF476008F8361 /* Build configuration list for PBXProject "DKOpenGLTest" */;
			compatibilityVersion = "Xcode 9.3";
			developmentRegion = en;
			hasScannedForEncodings = 0;
			knownRegions = (
				en,
				Base,
			);
			mainGroup = D6A122D4237BF476008F8361;
			productRefGroup = D6A122DE237BF477008F8361 /* Products */;
			projectDirPath = "";
			projectRoot = "";
			targets = (
				D6A122DC237BF477008F8361 /* DKOpenGLTest */,
			);
		};
/* End PBXProject section */

/* Begin PBXResourcesBuildPhase section */
		D6A122DB237BF477008F8361 /* Resources */ = {
			isa = PBXResourcesBuildPhase;
			buildActionMask = 2147483647;
			files = (
				D6A12329237C2C52008F8361 /* wuyanzu.jpg in Resources */,
				D6A122F7237BF4A6008F8361 /* config.plist in Resources */,
				D6A12326237C29BB008F8361 /* fragment.fsh in Resources */,
				D6A122ED237BF478008F8361 /* LaunchScreen.storyboard in Resources */,
				D6A1232A237C2C52008F8361 /* smalldaniel.jpg in Resources */,
				D6A122EA237BF478008F8361 /* Assets.xcassets in Resources */,
				D6A12324237C29AF008F8361 /* vertex.vsh in Resources */,
				D631D4BD237EA04E0027B675 /* saturation1.fsh in Resources */,
				D6A122E8237BF477008F8361 /* Main.storyboard in Resources */,
				D631D4BB237EA0400027B675 /* brightness1.fsh in Resources */,
			);
			runOnlyForDeploymentPostprocessing = 0;
		};
/* End PBXResourcesBuildPhase section */

/* Begin PBXSourcesBuildPhase section */
		D6A122D9237BF477008F8361 /* Sources */ = {
			isa = PBXSourcesBuildPhase;
			buildActionMask = 2147483647;
			files = (
				D6A12322237BF9B9008F8361 /* DKShaderComplier.m in Sources */,
				D62DF4D1237D28CB00474E15 /* DKTestView.m in Sources */,
				D6A122E5237BF477008F8361 /* ViewController.m in Sources */,
				D6A122F0237BF478008F8361 /* main.m in Sources */,
				D6A122E2237BF477008F8361 /* AppDelegate.m in Sources */,
				D6A1231B237BF7A2008F8361 /* DKTestViewController.m in Sources */,
			);
			runOnlyForDeploymentPostprocessing = 0;
		};
/* End PBXSourcesBuildPhase section */

/* Begin PBXVariantGroup section */
		D6A122E6237BF477008F8361 /* Main.storyboard */ = {
			isa = PBXVariantGroup;
			children = (
				D6A122E7237BF477008F8361 /* Base */,
			);
			name = Main.storyboard;
			sourceTree = "<group>";
		};
		D6A122EB237BF478008F8361 /* LaunchScreen.storyboard */ = {
			isa = PBXVariantGroup;
			children = (
				D6A122EC237BF478008F8361 /* Base */,
			);
			name = LaunchScreen.storyboard;
			sourceTree = "<group>";
		};
/* End PBXVariantGroup section */

/* Begin XCBuildConfiguration section */
		D6A122F1237BF478008F8361 /* Debug */ = {
			isa = XCBuildConfiguration;
			buildSettings = {
				ALWAYS_SEARCH_USER_PATHS = NO;
				CLANG_ANALYZER_NONNULL = YES;
				CLANG_ANALYZER_NUMBER_OBJECT_CONVERSION = YES_AGGRESSIVE;
				CLANG_CXX_LANGUAGE_STANDARD = "gnu++14";
				CLANG_CXX_LIBRARY = "libc++";
				CLANG_ENABLE_MODULES = YES;
				CLANG_ENABLE_OBJC_ARC = YES;
				CLANG_ENABLE_OBJC_WEAK = YES;
				CLANG_WARN_BLOCK_CAPTURE_AUTORELEASING = YES;
				CLANG_WARN_BOOL_CONVERSION = YES;
				CLANG_WARN_COMMA = YES;
				CLANG_WARN_CONSTANT_CONVERSION = YES;
				CLANG_WARN_DEPRECATED_OBJC_IMPLEMENTATIONS = YES;
				CLANG_WARN_DIRECT_OBJC_ISA_USAGE = YES_ERROR;
				CLANG_WARN_DOCUMENTATION_COMMENTS = YES;
				CLANG_WARN_EMPTY_BODY = YES;
				CLANG_WARN_ENUM_CONVERSION = YES;
				CLANG_WARN_INFINITE_RECURSION = YES;
				CLANG_WARN_INT_CONVERSION = YES;
				CLANG_WARN_NON_LITERAL_NULL_CONVERSION = YES;
				CLANG_WARN_OBJC_IMPLICIT_RETAIN_SELF = YES;
				CLANG_WARN_OBJC_LITERAL_CONVERSION = YES;
				CLANG_WARN_OBJC_ROOT_CLASS = YES_ERROR;
				CLANG_WARN_RANGE_LOOP_ANALYSIS = YES;
				CLANG_WARN_STRICT_PROTOTYPES = YES;
				CLANG_WARN_SUSPICIOUS_MOVE = YES;
				CLANG_WARN_UNGUARDED_AVAILABILITY = YES_AGGRESSIVE;
				CLANG_WARN_UNREACHABLE_CODE = YES;
				CLANG_WARN__DUPLICATE_METHOD_MATCH = YES;
				CODE_SIGN_IDENTITY = "iPhone Developer";
				COPY_PHASE_STRIP = NO;
				DEBUG_INFORMATION_FORMAT = dwarf;
				ENABLE_STRICT_OBJC_MSGSEND = YES;
				ENABLE_TESTABILITY = YES;
				GCC_C_LANGUAGE_STANDARD = gnu11;
				GCC_DYNAMIC_NO_PIC = NO;
				GCC_NO_COMMON_BLOCKS = YES;
				GCC_OPTIMIZATION_LEVEL = 0;
				GCC_PREPROCESSOR_DEFINITIONS = (
					"DEBUG=1",
					"$(inherited)",
				);
				GCC_WARN_64_TO_32_BIT_CONVERSION = YES;
				GCC_WARN_ABOUT_RETURN_TYPE = YES_ERROR;
				GCC_WARN_UNDECLARED_SELECTOR = YES;
				GCC_WARN_UNINITIALIZED_AUTOS = YES_AGGRESSIVE;
				GCC_WARN_UNUSED_FUNCTION = YES;
				GCC_WARN_UNUSED_VARIABLE = YES;
				IPHONEOS_DEPLOYMENT_TARGET = 12.1;
				MTL_ENABLE_DEBUG_INFO = INCLUDE_SOURCE;
				MTL_FAST_MATH = YES;
				ONLY_ACTIVE_ARCH = YES;
				SDKROOT = iphoneos;
			};
			name = Debug;
		};
		D6A122F2237BF478008F8361 /* Release */ = {
			isa = XCBuildConfiguration;
			buildSettings = {
				ALWAYS_SEARCH_USER_PATHS = NO;
				CLANG_ANALYZER_NONNULL = YES;
				CLANG_ANALYZER_NUMBER_OBJECT_CONVERSION = YES_AGGRESSIVE;
				CLANG_CXX_LANGUAGE_STANDARD = "gnu++14";
				CLANG_CXX_LIBRARY = "libc++";
				CLANG_ENABLE_MODULES = YES;
				CLANG_ENABLE_OBJC_ARC = YES;
				CLANG_ENABLE_OBJC_WEAK = YES;
				CLANG_WARN_BLOCK_CAPTURE_AUTORELEASING = YES;
				CLANG_WARN_BOOL_CONVERSION = YES;
				CLANG_WARN_COMMA = YES;
				CLANG_WARN_CONSTANT_CONVERSION = YES;
				CLANG_WARN_DEPRECATED_OBJC_IMPLEMENTATIONS = YES;
				CLANG_WARN_DIRECT_OBJC_ISA_USAGE = YES_ERROR;
				CLANG_WARN_DOCUMENTATION_COMMENTS = YES;
				CLANG_WARN_EMPTY_BODY = YES;
				CLANG_WARN_ENUM_CONVERSION = YES;
				CLANG_WARN_INFINITE_RECURSION = YES;
				CLANG_WARN_INT_CONVERSION = YES;
				CLANG_WARN_NON_LITERAL_NULL_CONVERSION = YES;
				CLANG_WARN_OBJC_IMPLICIT_RETAIN_SELF = YES;
				CLANG_WARN_OBJC_LITERAL_CONVERSION = YES;
				CLANG_WARN_OBJC_ROOT_CLASS = YES_ERROR;
				CLANG_WARN_RANGE_LOOP_ANALYSIS = YES;
				CLANG_WARN_STRICT_PROTOTYPES = YES;
				CLANG_WARN_SUSPICIOUS_MOVE = YES;
				CLANG_WARN_UNGUARDED_AVAILABILITY = YES_AGGRESSIVE;
				CLANG_WARN_UNREACHABLE_CODE = YES;
				CLANG_WARN__DUPLICATE_METHOD_MATCH = YES;
				CODE_SIGN_IDENTITY = "iPhone Developer";
				COPY_PHASE_STRIP = NO;
				DEBUG_INFORMATION_FORMAT = "dwarf-with-dsym";
				ENABLE_NS_ASSERTIONS = NO;
				ENABLE_STRICT_OBJC_MSGSEND = YES;
				GCC_C_LANGUAGE_STANDARD = gnu11;
				GCC_NO_COMMON_BLOCKS = YES;
				GCC_WARN_64_TO_32_BIT_CONVERSION = YES;
				GCC_WARN_ABOUT_RETURN_TYPE = YES_ERROR;
				GCC_WARN_UNDECLARED_SELECTOR = YES;
				GCC_WARN_UNINITIALIZED_AUTOS = YES_AGGRESSIVE;
				GCC_WARN_UNUSED_FUNCTION = YES;
				GCC_WARN_UNUSED_VARIABLE = YES;
				IPHONEOS_DEPLOYMENT_TARGET = 12.1;
				MTL_ENABLE_DEBUG_INFO = NO;
				MTL_FAST_MATH = YES;
				SDKROOT = iphoneos;
				VALIDATE_PRODUCT = YES;
			};
			name = Release;
		};
		D6A122F4237BF478008F8361 /* Debug */ = {
			isa = XCBuildConfiguration;
			buildSettings = {
				ASSETCATALOG_COMPILER_APPICON_NAME = AppIcon;
				CODE_SIGN_STYLE = Automatic;
				DEVELOPMENT_TEAM = MTGQCB5B3L;
				INFOPLIST_FILE = DKOpenGLTest/Info.plist;
				IPHONEOS_DEPLOYMENT_TARGET = 8.0;
				LD_RUNPATH_SEARCH_PATHS = (
					"$(inherited)",
					"@executable_path/Frameworks",
				);
				PRODUCT_BUNDLE_IDENTIFIER = com.csmall.jingmaoyinmao.DKOpenGLTest;
				PRODUCT_NAME = "$(TARGET_NAME)";
				TARGETED_DEVICE_FAMILY = "1,2";
			};
			name = Debug;
		};
		D6A122F5237BF478008F8361 /* Release */ = {
			isa = XCBuildConfiguration;
			buildSettings = {
				ASSETCATALOG_COMPILER_APPICON_NAME = AppIcon;
				CODE_SIGN_STYLE = Automatic;
				DEVELOPMENT_TEAM = MTGQCB5B3L;
				INFOPLIST_FILE = DKOpenGLTest/Info.plist;
				IPHONEOS_DEPLOYMENT_TARGET = 8.0;
				LD_RUNPATH_SEARCH_PATHS = (
					"$(inherited)",
					"@executable_path/Frameworks",
				);
				PRODUCT_BUNDLE_IDENTIFIER = com.csmall.jingmaoyinmao.DKOpenGLTest;
				PRODUCT_NAME = "$(TARGET_NAME)";
				TARGETED_DEVICE_FAMILY = "1,2";
			};
			name = Release;
		};
/* End XCBuildConfiguration section */

/* Begin XCConfigurationList section */
		D6A122D8237BF476008F8361 /* Build configuration list for PBXProject "DKOpenGLTest" */ = {
			isa = XCConfigurationList;
			buildConfigurations = (
				D6A122F1237BF478008F8361 /* Debug */,
				D6A122F2237BF478008F8361 /* Release */,
			);
			defaultConfigurationIsVisible = 0;
			defaultConfigurationName = Release;
		};
		D6A122F3237BF478008F8361 /* Build configuration list for PBXNativeTarget "DKOpenGLTest" */ = {
			isa = XCConfigurationList;
			buildConfigurations = (
				D6A122F4237BF478008F8361 /* Debug */,
				D6A122F5237BF478008F8361 /* Release */,
			);
			defaultConfigurationIsVisible = 0;
			defaultConfigurationName = Release;
		};
/* End XCConfigurationList section */
	};
	rootObject = D6A122D5237BF476008F8361 /* Project object */;
}
